// !$*UTF8*$!
{
	archiveVersion = 1;
	classes = {
	};
	objectVersion = 46;
	objects = {

/* Begin PBXBuildFile section */
		CDE6C6991DA6063B00595DE1 /* main.m in Sources */ = {isa = PBXBuildFile; fileRef = CDE6C6981DA6063B00595DE1 /* main.m */; };
		CDE6C69C1DA6063B00595DE1 /* AppDelegate.m in Sources */ = {isa = PBXBuildFile; fileRef = CDE6C69B1DA6063B00595DE1 /* AppDelegate.m */; };
		CDE6C69F1DA6063B00595DE1 /* ViewController.m in Sources */ = {isa = PBXBuildFile; fileRef = CDE6C69E1DA6063B00595DE1 /* ViewController.m */; };
		CDE6C6A21DA6063B00595DE1 /* Main.storyboard in Resources */ = {isa = PBXBuildFile; fileRef = CDE6C6A01DA6063B00595DE1 /* Main.storyboard */; };
		CDE6C6A41DA6063B00595DE1 /* Assets.xcassets in Resources */ = {isa = PBXBuildFile; fileRef = CDE6C6A31DA6063B00595DE1 /* Assets.xcassets */; };
		CDE6C6A71DA6063B00595DE1 /* LaunchScreen.storyboard in Resources */ = {isa = PBXBuildFile; fileRef = CDE6C6A51DA6063B00595DE1 /* LaunchScreen.storyboard */; };
		CDE6C6B01DA6074C00595DE1 /* OrderViewController.m in Sources */ = {isa = PBXBuildFile; fileRef = CDE6C6AF1DA6074C00595DE1 /* OrderViewController.m */; };
		CDE6C6B81DA60D5F00595DE1 /* appIcon.png in Resources */ = {isa = PBXBuildFile; fileRef = CDE6C6B71DA60D5F00595DE1 /* appIcon.png */; };
/* End PBXBuildFile section */

/* Begin PBXFileReference section */
		CDE6C6941DA6063B00595DE1 /* Navigation1to1.app */ = {isa = PBXFileReference; explicitFileType = wrapper.application; includeInIndex = 0; path = Navigation1to1.app; sourceTree = BUILT_PRODUCTS_DIR; };
		CDE6C6981DA6063B00595DE1 /* main.m */ = {isa = PBXFileReference; lastKnownFileType = sourcecode.c.objc; path = main.m; sourceTree = "<group>"; };
		CDE6C69A1DA6063B00595DE1 /* AppDelegate.h */ = {isa = PBXFileReference; lastKnownFileType = sourcecode.c.h; path = AppDelegate.h; sourceTree = "<group>"; };
		CDE6C69B1DA6063B00595DE1 /* AppDelegate.m */ = {isa = PBXFileReference; lastKnownFileType = sourcecode.c.objc; path = AppDelegate.m; sourceTree = "<group>"; };
		CDE6C69D1DA6063B00595DE1 /* ViewController.h */ = {isa = PBXFileReference; lastKnownFileType = sourcecode.c.h; path = ViewController.h; sourceTree = "<group>"; };
		CDE6C69E1DA6063B00595DE1 /* ViewController.m */ = {isa = PBXFileReference; lastKnownFileType = sourcecode.c.objc; path = ViewController.m; sourceTree = "<group>"; };
		CDE6C6A11DA6063B00595DE1 /* Base */ = {isa = PBXFileReference; lastKnownFileType = file.storyboard; name = Base; path = Base.lproj/Main.storyboard; sourceTree = "<group>"; };
		CDE6C6A31DA6063B00595DE1 /* Assets.xcassets */ = {isa = PBXFileReference; lastKnownFileType = folder.assetcatalog; path = Assets.xcassets; sourceTree = "<group>"; };
		CDE6C6A61DA6063B00595DE1 /* Base */ = {isa = PBXFileReference; lastKnownFileType = file.storyboard; name = Base; path = Base.lproj/LaunchScreen.storyboard; sourceTree = "<group>"; };
		CDE6C6A81DA6063B00595DE1 /* Info.plist */ = {isa = PBXFileReference; lastKnownFileType = text.plist.xml; path = Info.plist; sourceTree = "<group>"; };
		CDE6C6AE1DA6074C00595DE1 /* OrderViewController.h */ = {isa = PBXFileReference; fileEncoding = 4; lastKnownFileType = sourcecode.c.h; path = OrderViewController.h; sourceTree = "<group>"; };
		CDE6C6AF1DA6074C00595DE1 /* OrderViewController.m */ = {isa = PBXFileReference; fileEncoding = 4; lastKnownFileType = sourcecode.c.objc; path = OrderViewController.m; sourceTree = "<group>"; };
		CDE6C6B71DA60D5F00595DE1 /* appIcon.png */ = {isa = PBXFileReference; lastKnownFileType = image.png; path = appIcon.png; sourceTree = "<group>"; };
/* End PBXFileReference section */

/* Begin PBXFrameworksBuildPhase section */
		CDE6C6911DA6063B00595DE1 /* Frameworks */ = {
			isa = PBXFrameworksBuildPhase;
			buildActionMask = 2147483647;
			files = (
			);
			runOnlyForDeploymentPostprocessing = 0;
		};
/* End PBXFrameworksBuildPhase section */

/* Begin PBXGroup section */
		CDE6C68B1DA6063A00595DE1 = {
			isa = PBXGroup;
			children = (
				CDE6C6961DA6063B00595DE1 /* Navigation1to1 */,
				CDE6C6951DA6063B00595DE1 /* Products */,
			);
			sourceTree = "<group>";
		};
		CDE6C6951DA6063B00595DE1 /* Products */ = {
			isa = PBXGroup;
			children = (
				CDE6C6941DA6063B00595DE1 /* Navigation1to1.app */,
			);
			name = Products;
			sourceTree = "<group>";
		};
		CDE6C6961DA6063B00595DE1 /* Navigation1to1 */ = {
			isa = PBXGroup;
			children = (
				CDE6C69A1DA6063B00595DE1 /* AppDelegate.h */,
				CDE6C69B1DA6063B00595DE1 /* AppDelegate.m */,
				CDE6C69D1DA6063B00595DE1 /* ViewController.h */,
				CDE6C69E1DA6063B00595DE1 /* ViewController.m */,
				CDE6C6AE1DA6074C00595DE1 /* OrderViewController.h */,
				CDE6C6AF1DA6074C00595DE1 /* OrderViewController.m */,
				CDE6C6A01DA6063B00595DE1 /* Main.storyboard */,
				CDE6C6A31DA6063B00595DE1 /* Assets.xcassets */,
				CDE6C6A51DA6063B00595DE1 /* LaunchScreen.storyboard */,
				CDE6C6A81DA6063B00595DE1 /* Info.plist */,
				CDE6C6971DA6063B00595DE1 /* Supporting Files */,
			);
			path = Navigation1to1;
			sourceTree = "<group>";
		};
		CDE6C6971DA6063B00595DE1 /* Supporting Files */ = {
			isa = PBXGroup;
			children = (
				CDE6C6B71DA60D5F00595DE1 /* appIcon.png */,
				CDE6C6981DA6063B00595DE1 /* main.m */,
			);
			name = "Supporting Files";
			sourceTree = "<group>";
		};
/* End PBXGroup section */

/* Begin PBXNativeTarget section */
		CDE6C6931DA6063B00595DE1 /* Navigation1to1 */ = {
			isa = PBXNativeTarget;
			buildConfigurationList = CDE6C6AB1DA6063B00595DE1 /* Build configuration list for PBXNativeTarget "Navigation1to1" */;
			buildPhases = (
				CDE6C6901DA6063B00595DE1 /* Sources */,
				CDE6C6911DA6063B00595DE1 /* Frameworks */,
				CDE6C6921DA6063B00595DE1 /* Resources */,
			);
			buildRules = (
			);
			dependencies = (
			);
			name = Navigation1to1;
			productName = Navigation1to1;
			productReference = CDE6C6941DA6063B00595DE1 /* Navigation1to1.app */;
			productType = "com.apple.product-type.application";
		};
/* End PBXNativeTarget section */

/* Begin PBXProject section */
		CDE6C68C1DA6063A00595DE1 /* Project object */ = {
			isa = PBXProject;
			attributes = {
				LastUpgradeCheck = 0730;
				ORGANIZATIONNAME = student;
				TargetAttributes = {
					CDE6C6931DA6063B00595DE1 = {
						CreatedOnToolsVersion = 7.3.1;
					};
				};
			};
			buildConfigurationList = CDE6C68F1DA6063A00595DE1 /* Build configuration list for PBXProject "Navigation1to1" */;
			compatibilityVersion = "Xcode 3.2";
			developmentRegion = English;
			hasScannedForEncodings = 0;
			knownRegions = (
				en,
				Base,
			);
			mainGroup = CDE6C68B1DA6063A00595DE1;
			productRefGroup = CDE6C6951DA6063B00595DE1 /* Products */;
			projectDirPath = "";
			projectRoot = "";
			targets = (
				CDE6C6931DA6063B00595DE1 /* Navigation1to1 */,
			);
		};
/* End PBXProject section */

/* Begin PBXResourcesBuildPhase section */
		CDE6C6921DA6063B00595DE1 /* Resources */ = {
			isa = PBXResourcesBuildPhase;
			buildActionMask = 2147483647;
			files = (
				CDE6C6B81DA60D5F00595DE1 /* appIcon.png in Resources */,
				CDE6C6A71DA6063B00595DE1 /* LaunchScreen.storyboard in Resources */,
				CDE6C6A41DA6063B00595DE1 /* Assets.xcassets in Resources */,
				CDE6C6A21DA6063B00595DE1 /* Main.storyboard in Resources */,
			);
			runOnlyForDeploymentPostprocessing = 0;
		};
/* End PBXResourcesBuildPhase section */

/* Begin PBXSourcesBuildPhase section */
		CDE6C6901DA6063B00595DE1 /* Sources */ = {
			isa = PBXSourcesBuildPhase;
			buildActionMask = 2147483647;
			files = (
				CDE6C69F1DA6063B00595DE1 /* ViewController.m in Sources */,
				CDE6C69C1DA6063B00595DE1 /* AppDelegate.m in Sources */,
				CDE6C6991DA6063B00595DE1 /* main.m in Sources */,
				CDE6C6B01DA6074C00595DE1 /* OrderViewController.m in Sources */,
			);
			runOnlyForDeploymentPostprocessing = 0;
		};
/* End PBXSourcesBuildPhase section */

/* Begin PBXVariantGroup section */
		CDE6C6A01DA6063B00595DE1 /* Main.storyboard */ = {
			isa = PBXVariantGroup;
			children = (
				CDE6C6A11DA6063B00595DE1 /* Base */,
			);
			name = Main.storyboard;
			sourceTree = "<group>";
		};
		CDE6C6A51DA6063B00595DE1 /* LaunchScreen.storyboard */ = {
			isa = PBXVariantGroup;
			children = (
				CDE6C6A61DA6063B00595DE1 /* Base */,
			);
			name = LaunchScreen.storyboard;
			sourceTree = "<group>";
		};
/* End PBXVariantGroup section */

/* Begin XCBuildConfiguration section */
		CDE6C6A91DA6063B00595DE1 /* Debug */ = {
			isa = XCBuildConfiguration;
			buildSettings = {
				ALWAYS_SEARCH_USER_PATHS = NO;
				CLANG_ANALYZER_NONNULL = YES;
				CLANG_CXX_LANGUAGE_STANDARD = "gnu++0x";
				CLANG_CXX_LIBRARY = "libc++";
				CLANG_ENABLE_MODULES = YES;
				CLANG_ENABLE_OBJC_ARC = YES;
				CLANG_WARN_BOOL_CONVERSION = YES;
				CLANG_WARN_CONSTANT_CONVERSION = YES;
				CLANG_WARN_DIRECT_OBJC_ISA_USAGE = YES_ERROR;
				CLANG_WARN_EMPTY_BODY = YES;
				CLANG_WARN_ENUM_CONVERSION = YES;
				CLANG_WARN_INT_CONVERSION = YES;
				CLANG_WARN_OBJC_ROOT_CLASS = YES_ERROR;
				CLANG_WARN_UNREACHABLE_CODE = YES;
				CLANG_WARN__DUPLICATE_METHOD_MATCH = YES;
				"CODE_SIGN_IDENTITY[sdk=iphoneos*]" = "iPhone Developer";
				COPY_PHASE_STRIP = NO;
				DEBUG_INFORMATION_FORMAT = dwarf;
				ENABLE_STRICT_OBJC_MSGSEND = YES;
				ENABLE_TESTABILITY = YES;
				GCC_C_LANGUAGE_STANDARD = gnu99;
				GCC_DYNAMIC_NO_PIC = NO;
				GCC_NO_COMMON_BLOCKS = YES;
				GCC_OPTIMIZATION_LEVEL = 0;
				GCC_PREPROCESSOR_DEFINITIONS = (
					"DEBUG=1",
					"$(inherited)",
				);
				GCC_WARN_64_TO_32_BIT_CONVERSION = YES;
				GCC_WARN_ABOUT_RETURN_TYPE = YES_ERROR;
				GCC_WARN_UNDECLARED_SELECTOR = YES;
				GCC_WARN_UNINITIALIZED_AUTOS = YES_AGGRESSIVE;
				GCC_WARN_UNUSED_FUNCTION = YES;
				GCC_WARN_UNUSED_VARIABLE = YES;
				IPHONEOS_DEPLOYMENT_TARGET = 9.3;
				MTL_ENABLE_DEBUG_INFO = YES;
				ONLY_ACTIVE_ARCH = YES;
				SDKROOT = iphoneos;
			};
			name = Debug;
		};
		CDE6C6AA1DA6063B00595DE1 /* Release */ = {
			isa = XCBuildConfiguration;
			buildSettings = {
				ALWAYS_SEARCH_USER_PATHS = NO;
				CLANG_ANALYZER_NONNULL = YES;
				CLANG_CXX_LANGUAGE_STANDARD = "gnu++0x";
				CLANG_CXX_LIBRARY = "libc++";
				CLANG_ENABLE_MODULES = YES;
				CLANG_ENABLE_OBJC_ARC = YES;
				CLANG_WARN_BOOL_CONVERSION = YES;
				CLANG_WARN_CONSTANT_CONVERSION = YES;
				CLANG_WARN_DIRECT_OBJC_ISA_USAGE = YES_ERROR;
				CLANG_WARN_EMPTY_BODY = YES;
				CLANG_WARN_ENUM_CONVERSION = YES;
				CLANG_WARN_INT_CONVERSION = YES;
				CLANG_WARN_OBJC_ROOT_CLASS = YES_ERROR;
				CLANG_WARN_UNREACHABLE_CODE = YES;
				CLANG_WARN__DUPLICATE_METHOD_MATCH = YES;
				"CODE_SIGN_IDENTITY[sdk=iphoneos*]" = "iPhone Developer";
				COPY_PHASE_STRIP = NO;
				DEBUG_INFORMATION_FORMAT = "dwarf-with-dsym";
				ENABLE_NS_ASSERTIONS = NO;
				ENABLE_STRICT_OBJC_MSGSEND = YES;
				GCC_C_LANGUAGE_STANDARD = gnu99;
				GCC_NO_COMMON_BLOCKS = YES;
				GCC_WARN_64_TO_32_BIT_CONVERSION = YES;
				GCC_WARN_ABOUT_RETURN_TYPE = YES_ERROR;
				GCC_WARN_UNDECLARED_SELECTOR = YES;
				GCC_WARN_UNINITIALIZED_AUTOS = YES_AGGRESSIVE;
				GCC_WARN_UNUSED_FUNCTION = YES;
				GCC_WARN_UNUSED_VARIABLE = YES;
				IPHONEOS_DEPLOYMENT_TARGET = 9.3;
				MTL_ENABLE_DEBUG_INFO = NO;
				SDKROOT = iphoneos;
				VALIDATE_PRODUCT = YES;
			};
			name = Release;
		};
		CDE6C6AC1DA6063B00595DE1 /* Debug */ = {
			isa = XCBuildConfiguration;
			buildSettings = {
				ASSETCATALOG_COMPILER_APPICON_NAME = AppIcon;
				INFOPLIST_FILE = Navigation1to1/Info.plist;
				LD_RUNPATH_SEARCH_PATHS = "$(inherited) @executable_path/Frameworks";
				PRODUCT_BUNDLE_IDENTIFIER = swu.ac.kr.Navigation1to1;
				PRODUCT_NAME = "$(TARGET_NAME)";
			};
			name = Debug;
		};
		CDE6C6AD1DA6063B00595DE1 /* Release */ = {
			isa = XCBuildConfiguration;
			buildSettings = {
				ASSETCATALOG_COMPILER_APPICON_NAME = AppIcon;
				INFOPLIST_FILE = Navigation1to1/Info.plist;
				LD_RUNPATH_SEARCH_PATHS = "$(inherited) @executable_path/Frameworks";
				PRODUCT_BUNDLE_IDENTIFIER = swu.ac.kr.Navigation1to1;
				PRODUCT_NAME = "$(TARGET_NAME)";
			};
			name = Release;
		};
/* End XCBuildConfiguration section */

/* Begin XCConfigurationList section */
		CDE6C68F1DA6063A00595DE1 /* Build configuration list for PBXProject "Navigation1to1" */ = {
			isa = XCConfigurationList;
			buildConfigurations = (
				CDE6C6A91DA6063B00595DE1 /* Debug */,
				CDE6C6AA1DA6063B00595DE1 /* Release */,
			);
			defaultConfigurationIsVisible = 0;
			defaultConfigurationName = Release;
		};
		CDE6C6AB1DA6063B00595DE1 /* Build configuration list for PBXNativeTarget "Navigation1to1" */ = {
			isa = XCConfigurationList;
			buildConfigurations = (
				CDE6C6AC1DA6063B00595DE1 /* Debug */,
				CDE6C6AD1DA6063B00595DE1 /* Release */,
			);
			defaultConfigurationIsVisible = 0;
		};
/* End XCConfigurationList section */
	};
	rootObject = CDE6C68C1DA6063A00595DE1 /* Project object */;
}
